// !$*UTF8*$!
{
	archiveVersion = 1;
	classes = {
	};
	objectVersion = 46;
	objects = {

/* Begin PBXBuildFile section */
		318A98201FBA829200404ACB /* AppDelegate.swift in Sources */ = {isa = PBXBuildFile; fileRef = 318A981C1FBA829200404ACB /* AppDelegate.swift */; };
		318A98211FBA829200404ACB /* Assets.xcassets in Resources */ = {isa = PBXBuildFile; fileRef = 318A981D1FBA829200404ACB /* Assets.xcassets */; };
		318A98221FBA829200404ACB /* MainMenu.xib in Resources */ = {isa = PBXBuildFile; fileRef = 318A981E1FBA829200404ACB /* MainMenu.xib */; };
		318A98231FBA829200404ACB /* Info.plist in Resources */ = {isa = PBXBuildFile; fileRef = 318A981F1FBA829200404ACB /* Info.plist */; };
/* End PBXBuildFile section */

/* Begin PBXFileReference section */
		318A980B1FBA826000404ACB /* mb_test.app */ = {isa = PBXFileReference; explicitFileType = wrapper.application; includeInIndex = 0; path = mb_test.app; sourceTree = BUILT_PRODUCTS_DIR; };
		318A981B1FBA829200404ACB /* mb_test-Bridging-Header.h */ = {isa = PBXFileReference; lastKnownFileType = sourcecode.c.h; path = "mb_test-Bridging-Header.h"; sourceTree = "<group>"; };
		318A981C1FBA829200404ACB /* AppDelegate.swift */ = {isa = PBXFileReference; fileEncoding = 4; lastKnownFileType = sourcecode.swift; path = AppDelegate.swift; sourceTree = "<group>"; };
		318A981D1FBA829200404ACB /* Assets.xcassets */ = {isa = PBXFileReference; lastKnownFileType = folder.assetcatalog; path = Assets.xcassets; sourceTree = "<group>"; };
		318A981E1FBA829200404ACB /* MainMenu.xib */ = {isa = PBXFileReference; fileEncoding = 4; lastKnownFileType = file.xib; path = MainMenu.xib; sourceTree = "<group>"; };
		318A981F1FBA829200404ACB /* Info.plist */ = {isa = PBXFileReference; fileEncoding = 4; lastKnownFileType = text.plist.xml; path = Info.plist; sourceTree = "<group>"; };
/* End PBXFileReference section */

/* Begin PBXFrameworksBuildPhase section */
		318A98081FBA826000404ACB /* Frameworks */ = {
			isa = PBXFrameworksBuildPhase;
			buildActionMask = 2147483647;
			files = (
			);
			runOnlyForDeploymentPostprocessing = 0;
		};
/* End PBXFrameworksBuildPhase section */

/* Begin PBXGroup section */
		318A98021FBA826000404ACB = {
			isa = PBXGroup;
			children = (
				318A980D1FBA826000404ACB /* mb_test */,
				318A980C1FBA826000404ACB /* Products */,
			);
			sourceTree = "<group>";
		};
		318A980C1FBA826000404ACB /* Products */ = {
			isa = PBXGroup;
			children = (
				318A980B1FBA826000404ACB /* mb_test.app */,
			);
			name = Products;
			sourceTree = "<group>";
		};
		318A980D1FBA826000404ACB /* mb_test */ = {
			isa = PBXGroup;
			children = (
				318A981C1FBA829200404ACB /* AppDelegate.swift */,
				318A981D1FBA829200404ACB /* Assets.xcassets */,
				318A981E1FBA829200404ACB /* MainMenu.xib */,
				318A981F1FBA829200404ACB /* Info.plist */,
				318A981B1FBA829200404ACB /* mb_test-Bridging-Header.h */,
			);
			path = mb_test;
			sourceTree = "<group>";
		};
/* End PBXGroup section */

/* Begin PBXNativeTarget section */
		318A980A1FBA826000404ACB /* mb_test */ = {
			isa = PBXNativeTarget;
			buildConfigurationList = 318A98181FBA826000404ACB /* Build configuration list for PBXNativeTarget "mb_test" */;
			buildPhases = (
				318A98071FBA826000404ACB /* Sources */,
				318A98081FBA826000404ACB /* Frameworks */,
				318A98091FBA826000404ACB /* Resources */,
			);
			buildRules = (
			);
			dependencies = (
			);
			name = mb_test;
			productName = mb_test;
			productReference = 318A980B1FBA826000404ACB /* mb_test.app */;
			productType = "com.apple.product-type.application";
		};
/* End PBXNativeTarget section */

/* Begin PBXProject section */
		318A98031FBA826000404ACB /* Project object */ = {
			isa = PBXProject;
			attributes = {
				LastSwiftUpdateCheck = 0720;
				LastUpgradeCheck = 0720;
				ORGANIZATIONNAME = mj;
				TargetAttributes = {
					318A980A1FBA826000404ACB = {
						CreatedOnToolsVersion = 7.2.1;
					};
				};
			};
			buildConfigurationList = 318A98061FBA826000404ACB /* Build configuration list for PBXProject "mb_test" */;
			compatibilityVersion = "Xcode 3.2";
			developmentRegion = English;
			hasScannedForEncodings = 0;
			knownRegions = (
				en,
				Base,
			);
			mainGroup = 318A98021FBA826000404ACB;
			productRefGroup = 318A980C1FBA826000404ACB /* Products */;
			projectDirPath = "";
			projectRoot = "";
			targets = (
				318A980A1FBA826000404ACB /* mb_test */,
			);
		};
/* End PBXProject section */

/* Begin PBXResourcesBuildPhase section */
		318A98091FBA826000404ACB /* Resources */ = {
			isa = PBXResourcesBuildPhase;
			buildActionMask = 2147483647;
			files = (
				318A98211FBA829200404ACB /* Assets.xcassets in Resources */,
				318A98221FBA829200404ACB /* MainMenu.xib in Resources */,
				318A98231FBA829200404ACB /* Info.plist in Resources */,
			);
			runOnlyForDeploymentPostprocessing = 0;
		};
/* End PBXResourcesBuildPhase section */

/* Begin PBXSourcesBuildPhase section */
		318A98071FBA826000404ACB /* Sources */ = {
			isa = PBXSourcesBuildPhase;
			buildActionMask = 2147483647;
			files = (
				318A98201FBA829200404ACB /* AppDelegate.swift in Sources */,
			);
			runOnlyForDeploymentPostprocessing = 0;
		};
/* End PBXSourcesBuildPhase section */

/* Begin XCBuildConfiguration section */
		318A98161FBA826000404ACB /* Debug */ = {
			isa = XCBuildConfiguration;
			buildSettings = {
				ALWAYS_SEARCH_USER_PATHS = NO;
				CLANG_CXX_LANGUAGE_STANDARD = "gnu++0x";
				CLANG_CXX_LIBRARY = "libc++";
				CLANG_ENABLE_MODULES = YES;
				CLANG_ENABLE_OBJC_ARC = YES;
				CLANG_WARN_BOOL_CONVERSION = YES;
				CLANG_WARN_CONSTANT_CONVERSION = YES;
				CLANG_WARN_DIRECT_OBJC_ISA_USAGE = YES_ERROR;
				CLANG_WARN_EMPTY_BODY = YES;
				CLANG_WARN_ENUM_CONVERSION = YES;
				CLANG_WARN_INT_CONVERSION = YES;
				CLANG_WARN_OBJC_ROOT_CLASS = YES_ERROR;
				CLANG_WARN_UNREACHABLE_CODE = YES;
				CLANG_WARN__DUPLICATE_METHOD_MATCH = YES;
				CODE_SIGN_IDENTITY = "-";
				COPY_PHASE_STRIP = NO;
				DEBUG_INFORMATION_FORMAT = dwarf;
				ENABLE_STRICT_OBJC_MSGSEND = YES;
				ENABLE_TESTABILITY = YES;
				GCC_C_LANGUAGE_STANDARD = gnu99;
				GCC_DYNAMIC_NO_PIC = NO;
				GCC_NO_COMMON_BLOCKS = YES;
				GCC_OPTIMIZATION_LEVEL = 0;
				GCC_PREPROCESSOR_DEFINITIONS = (
					"DEBUG=1",
					"$(inherited)",
				);
				GCC_WARN_64_TO_32_BIT_CONVERSION = YES;
				GCC_WARN_ABOUT_RETURN_TYPE = YES_ERROR;
				GCC_WARN_UNDECLARED_SELECTOR = YES;
				GCC_WARN_UNINITIALIZED_AUTOS = YES_AGGRESSIVE;
				GCC_WARN_UNUSED_FUNCTION = YES;
				GCC_WARN_UNUSED_VARIABLE = YES;
				MACOSX_DEPLOYMENT_TARGET = 10.10;
				MTL_ENABLE_DEBUG_INFO = YES;
				ONLY_ACTIVE_ARCH = YES;
				SDKROOT = macosx;
				SWIFT_OPTIMIZATION_LEVEL = "-Onone";
			};
			name = Debug;
		};
		318A98171FBA826000404ACB /* Release */ = {
			isa = XCBuildConfiguration;
			buildSettings = {
				ALWAYS_SEARCH_USER_PATHS = NO;
				CLANG_CXX_LANGUAGE_STANDARD = "gnu++0x";
				CLANG_CXX_LIBRARY = "libc++";
				CLANG_ENABLE_MODULES = YES;
				CLANG_ENABLE_OBJC_ARC = YES;
				CLANG_WARN_BOOL_CONVERSION = YES;
				CLANG_WARN_CONSTANT_CONVERSION = YES;
				CLANG_WARN_DIRECT_OBJC_ISA_USAGE = YES_ERROR;
				CLANG_WARN_EMPTY_BODY = YES;
				CLANG_WARN_ENUM_CONVERSION = YES;
				CLANG_WARN_INT_CONVERSION = YES;
				CLANG_WARN_OBJC_ROOT_CLASS = YES_ERROR;
				CLANG_WARN_UNREACHABLE_CODE = YES;
				CLANG_WARN__DUPLICATE_METHOD_MATCH = YES;
				CODE_SIGN_IDENTITY = "-";
				COPY_PHASE_STRIP = NO;
				DEBUG_INFORMATION_FORMAT = "dwarf-with-dsym";
				ENABLE_NS_ASSERTIONS = NO;
				ENABLE_STRICT_OBJC_MSGSEND = YES;
				GCC_C_LANGUAGE_STANDARD = gnu99;
				GCC_NO_COMMON_BLOCKS = YES;
				GCC_WARN_64_TO_32_BIT_CONVERSION = YES;
				GCC_WARN_ABOUT_RETURN_TYPE = YES_ERROR;
				GCC_WARN_UNDECLARED_SELECTOR = YES;
				GCC_WARN_UNINITIALIZED_AUTOS = YES_AGGRESSIVE;
				GCC_WARN_UNUSED_FUNCTION = YES;
				GCC_WARN_UNUSED_VARIABLE = YES;
				MACOSX_DEPLOYMENT_TARGET = 10.10;
				MTL_ENABLE_DEBUG_INFO = NO;
				SDKROOT = macosx;
			};
			name = Release;
		};
		318A98191FBA826000404ACB /* Debug */ = {
			isa = XCBuildConfiguration;
			buildSettings = {
				ASSETCATALOG_COMPILER_APPICON_NAME = AppIcon;
				CLANG_ENABLE_MODULES = YES;
				COMBINE_HIDPI_IMAGES = YES;
				INFOPLIST_FILE = mb_test/Info.plist;
				LD_RUNPATH_SEARCH_PATHS = "$(inherited) @executable_path/../Frameworks";
				PRODUCT_BUNDLE_IDENTIFIER = "mj.mb-test";
				PRODUCT_NAME = "$(TARGET_NAME)";
				SWIFT_OBJC_BRIDGING_HEADER = "mb_test/mb_test-Bridging-Header.h";
				SWIFT_OPTIMIZATION_LEVEL = "-Onone";
			};
			name = Debug;
		};
		318A981A1FBA826000404ACB /* Release */ = {
			isa = XCBuildConfiguration;
			buildSettings = {
				ASSETCATALOG_COMPILER_APPICON_NAME = AppIcon;
				CLANG_ENABLE_MODULES = YES;
				COMBINE_HIDPI_IMAGES = YES;
				INFOPLIST_FILE = mb_test/Info.plist;
				LD_RUNPATH_SEARCH_PATHS = "$(inherited) @executable_path/../Frameworks";
				PRODUCT_BUNDLE_IDENTIFIER = "mj.mb-test";
				PRODUCT_NAME = "$(TARGET_NAME)";
				SWIFT_OBJC_BRIDGING_HEADER = "mb_test/mb_test-Bridging-Header.h";
			};
			name = Release;
		};
/* End XCBuildConfiguration section */

/* Begin XCConfigurationList section */
		318A98061FBA826000404ACB /* Build configuration list for PBXProject "mb_test" */ = {
			isa = XCConfigurationList;
			buildConfigurations = (
				318A98161FBA826000404ACB /* Debug */,
				318A98171FBA826000404ACB /* Release */,
			);
			defaultConfigurationIsVisible = 0;
			defaultConfigurationName = Release;
		};
		318A98181FBA826000404ACB /* Build configuration list for PBXNativeTarget "mb_test" */ = {
			isa = XCConfigurationList;
			buildConfigurations = (
				318A98191FBA826000404ACB /* Debug */,
				318A981A1FBA826000404ACB /* Release */,
			);
			defaultConfigurationIsVisible = 0;
		};
/* End XCConfigurationList section */
	};
	rootObject = 318A98031FBA826000404ACB /* Project object */;
}
